# This file is automatically @generated by Poetry and should not be changed by hand.

[[package]]
name = "alembic"
version = "1.17.2"

[[package]]
name = "fastapi"
version = "0.95.0"

[[package]]
name = "psycopg2"
version = "2.9.3"

[[package]]
name = "pydantic"
version = "1.10.2"

[[package]]
name = "prometheus-client"
version = "0.14.1"

[[package]]
name = "sqlalchemy"
version = "1.4.39"

[[package]]
name = "uvicorn"
version = "0.22.0"

[metadata]
lock-version = "1.1"
python-versions = ">=3.7,<4.0"